// !$*UTF8*$!
{
	archiveVersion = 1;
	classes = {
	};
	objectVersion = 50;
	objects = {

/* Begin PBXBuildFile section */
		BA6EBCF125E6D0F100EAE302 /* AppDelegate.swift in Sources */ = {isa = PBXBuildFile; fileRef = BA6EBCF025E6D0F100EAE302 /* AppDelegate.swift */; };
		BA6EBCF325E6D0F100EAE302 /* SceneDelegate.swift in Sources */ = {isa = PBXBuildFile; fileRef = BA6EBCF225E6D0F100EAE302 /* SceneDelegate.swift */; };
		BA6EBCF525E6D0F100EAE302 /* ViewController.swift in Sources */ = {isa = PBXBuildFile; fileRef = BA6EBCF425E6D0F100EAE302 /* ViewController.swift */; };
		BA6EBCF825E6D0F100EAE302 /* Main.storyboard in Resources */ = {isa = PBXBuildFile; fileRef = BA6EBCF625E6D0F100EAE302 /* Main.storyboard */; };
		BA6EBCFA25E6D0F500EAE302 /* Assets.xcassets in Resources */ = {isa = PBXBuildFile; fileRef = BA6EBCF925E6D0F500EAE302 /* Assets.xcassets */; };
		BA6EBCFD25E6D0F500EAE302 /* LaunchScreen.storyboard in Resources */ = {isa = PBXBuildFile; fileRef = BA6EBCFB25E6D0F500EAE302 /* LaunchScreen.storyboard */; };
		BA6EBD0825E6D0F500EAE302 /* HW2WeatherTests.swift in Sources */ = {isa = PBXBuildFile; fileRef = BA6EBD0725E6D0F500EAE302 /* HW2WeatherTests.swift */; };
		BA6EBD1325E6D0F500EAE302 /* HW2WeatherUITests.swift in Sources */ = {isa = PBXBuildFile; fileRef = BA6EBD1225E6D0F500EAE302 /* HW2WeatherUITests.swift */; };
		BA6EBD2425E6D15B00EAE302 /* WeatherTableViewController.swift in Sources */ = {isa = PBXBuildFile; fileRef = BA6EBD2325E6D15B00EAE302 /* WeatherTableViewController.swift */; };
		BA6EBD2925E6D17500EAE302 /* WeatherTableViewCell.swift in Sources */ = {isa = PBXBuildFile; fileRef = BA6EBD2825E6D17500EAE302 /* WeatherTableViewCell.swift */; };
		BA6EBD2E25E6D19E00EAE302 /* detailViewController.swift in Sources */ = {isa = PBXBuildFile; fileRef = BA6EBD2D25E6D19E00EAE302 /* detailViewController.swift */; };
/* End PBXBuildFile section */

/* Begin PBXContainerItemProxy section */
		BA6EBD0425E6D0F500EAE302 /* PBXContainerItemProxy */ = {
			isa = PBXContainerItemProxy;
			containerPortal = BA6EBCE525E6D0F100EAE302 /* Project object */;
			proxyType = 1;
			remoteGlobalIDString = BA6EBCEC25E6D0F100EAE302;
			remoteInfo = HW2Weather;
		};
		BA6EBD0F25E6D0F500EAE302 /* PBXContainerItemProxy */ = {
			isa = PBXContainerItemProxy;
			containerPortal = BA6EBCE525E6D0F100EAE302 /* Project object */;
			proxyType = 1;
			remoteGlobalIDString = BA6EBCEC25E6D0F100EAE302;
			remoteInfo = HW2Weather;
		};
/* End PBXContainerItemProxy section */

/* Begin PBXFileReference section */
		BA6EBCED25E6D0F100EAE302 /* HW2Weather.app */ = {isa = PBXFileReference; explicitFileType = wrapper.application; includeInIndex = 0; path = HW2Weather.app; sourceTree = BUILT_PRODUCTS_DIR; };
		BA6EBCF025E6D0F100EAE302 /* AppDelegate.swift */ = {isa = PBXFileReference; lastKnownFileType = sourcecode.swift; path = AppDelegate.swift; sourceTree = "<group>"; };
		BA6EBCF225E6D0F100EAE302 /* SceneDelegate.swift */ = {isa = PBXFileReference; lastKnownFileType = sourcecode.swift; path = SceneDelegate.swift; sourceTree = "<group>"; };
		BA6EBCF425E6D0F100EAE302 /* ViewController.swift */ = {isa = PBXFileReference; lastKnownFileType = sourcecode.swift; path = ViewController.swift; sourceTree = "<group>"; };
		BA6EBCF725E6D0F100EAE302 /* Base */ = {isa = PBXFileReference; lastKnownFileType = file.storyboard; name = Base; path = Base.lproj/Main.storyboard; sourceTree = "<group>"; };
		BA6EBCF925E6D0F500EAE302 /* Assets.xcassets */ = {isa = PBXFileReference; lastKnownFileType = folder.assetcatalog; path = Assets.xcassets; sourceTree = "<group>"; };
		BA6EBCFC25E6D0F500EAE302 /* Base */ = {isa = PBXFileReference; lastKnownFileType = file.storyboard; name = Base; path = Base.lproj/LaunchScreen.storyboard; sourceTree = "<group>"; };
		BA6EBCFE25E6D0F500EAE302 /* Info.plist */ = {isa = PBXFileReference; lastKnownFileType = text.plist.xml; path = Info.plist; sourceTree = "<group>"; };
		BA6EBD0325E6D0F500EAE302 /* HW2WeatherTests.xctest */ = {isa = PBXFileReference; explicitFileType = wrapper.cfbundle; includeInIndex = 0; path = HW2WeatherTests.xctest; sourceTree = BUILT_PRODUCTS_DIR; };
		BA6EBD0725E6D0F500EAE302 /* HW2WeatherTests.swift */ = {isa = PBXFileReference; lastKnownFileType = sourcecode.swift; path = HW2WeatherTests.swift; sourceTree = "<group>"; };
		BA6EBD0925E6D0F500EAE302 /* Info.plist */ = {isa = PBXFileReference; lastKnownFileType = text.plist.xml; path = Info.plist; sourceTree = "<group>"; };
		BA6EBD0E25E6D0F500EAE302 /* HW2WeatherUITests.xctest */ = {isa = PBXFileReference; explicitFileType = wrapper.cfbundle; includeInIndex = 0; path = HW2WeatherUITests.xctest; sourceTree = BUILT_PRODUCTS_DIR; };
		BA6EBD1225E6D0F500EAE302 /* HW2WeatherUITests.swift */ = {isa = PBXFileReference; lastKnownFileType = sourcecode.swift; path = HW2WeatherUITests.swift; sourceTree = "<group>"; };
		BA6EBD1425E6D0F500EAE302 /* Info.plist */ = {isa = PBXFileReference; lastKnownFileType = text.plist.xml; path = Info.plist; sourceTree = "<group>"; };
		BA6EBD2325E6D15B00EAE302 /* WeatherTableViewController.swift */ = {isa = PBXFileReference; lastKnownFileType = sourcecode.swift; path = WeatherTableViewController.swift; sourceTree = "<group>"; };
		BA6EBD2825E6D17500EAE302 /* WeatherTableViewCell.swift */ = {isa = PBXFileReference; lastKnownFileType = sourcecode.swift; path = WeatherTableViewCell.swift; sourceTree = "<group>"; };
		BA6EBD2D25E6D19E00EAE302 /* detailViewController.swift */ = {isa = PBXFileReference; lastKnownFileType = sourcecode.swift; path = detailViewController.swift; sourceTree = "<group>"; };
/* End PBXFileReference section */

/* Begin PBXFrameworksBuildPhase section */
		BA6EBCEA25E6D0F100EAE302 /* Frameworks */ = {
			isa = PBXFrameworksBuildPhase;
			buildActionMask = 2147483647;
			files = (
			);
			runOnlyForDeploymentPostprocessing = 0;
		};
		BA6EBD0025E6D0F500EAE302 /* Frameworks */ = {
			isa = PBXFrameworksBuildPhase;
			buildActionMask = 2147483647;
			files = (
			);
			runOnlyForDeploymentPostprocessing = 0;
		};
		BA6EBD0B25E6D0F500EAE302 /* Frameworks */ = {
			isa = PBXFrameworksBuildPhase;
			buildActionMask = 2147483647;
			files = (
			);
			runOnlyForDeploymentPostprocessing = 0;
		};
/* End PBXFrameworksBuildPhase section */

/* Begin PBXGroup section */
		BA6EBCE425E6D0F100EAE302 = {
			isa = PBXGroup;
			children = (
				BA6EBCEF25E6D0F100EAE302 /* HW2Weather */,
				BA6EBD0625E6D0F500EAE302 /* HW2WeatherTests */,
				BA6EBD1125E6D0F500EAE302 /* HW2WeatherUITests */,
				BA6EBCEE25E6D0F100EAE302 /* Products */,
			);
			sourceTree = "<group>";
		};
		BA6EBCEE25E6D0F100EAE302 /* Products */ = {
			isa = PBXGroup;
			children = (
				BA6EBCED25E6D0F100EAE302 /* HW2Weather.app */,
				BA6EBD0325E6D0F500EAE302 /* HW2WeatherTests.xctest */,
				BA6EBD0E25E6D0F500EAE302 /* HW2WeatherUITests.xctest */,
			);
			name = Products;
			sourceTree = "<group>";
		};
		BA6EBCEF25E6D0F100EAE302 /* HW2Weather */ = {
			isa = PBXGroup;
			children = (
				BA6EBCF025E6D0F100EAE302 /* AppDelegate.swift */,
				BA6EBCF225E6D0F100EAE302 /* SceneDelegate.swift */,
				BA6EBCF425E6D0F100EAE302 /* ViewController.swift */,
				BA6EBCF625E6D0F100EAE302 /* Main.storyboard */,
				BA6EBD2325E6D15B00EAE302 /* WeatherTableViewController.swift */,
				BA6EBD2825E6D17500EAE302 /* WeatherTableViewCell.swift */,
				BA6EBD2D25E6D19E00EAE302 /* detailViewController.swift */,
				BA6EBCF925E6D0F500EAE302 /* Assets.xcassets */,
				BA6EBCFB25E6D0F500EAE302 /* LaunchScreen.storyboard */,
				BA6EBCFE25E6D0F500EAE302 /* Info.plist */,
			);
			path = HW2Weather;
			sourceTree = "<group>";
		};
		BA6EBD0625E6D0F500EAE302 /* HW2WeatherTests */ = {
			isa = PBXGroup;
			children = (
				BA6EBD0725E6D0F500EAE302 /* HW2WeatherTests.swift */,
				BA6EBD0925E6D0F500EAE302 /* Info.plist */,
			);
			path = HW2WeatherTests;
			sourceTree = "<group>";
		};
		BA6EBD1125E6D0F500EAE302 /* HW2WeatherUITests */ = {
			isa = PBXGroup;
			children = (
				BA6EBD1225E6D0F500EAE302 /* HW2WeatherUITests.swift */,
				BA6EBD1425E6D0F500EAE302 /* Info.plist */,
			);
			path = HW2WeatherUITests;
			sourceTree = "<group>";
		};
/* End PBXGroup section */

/* Begin PBXNativeTarget section */
		BA6EBCEC25E6D0F100EAE302 /* HW2Weather */ = {
			isa = PBXNativeTarget;
			buildConfigurationList = BA6EBD1725E6D0F500EAE302 /* Build configuration list for PBXNativeTarget "HW2Weather" */;
			buildPhases = (
				BA6EBCE925E6D0F100EAE302 /* Sources */,
				BA6EBCEA25E6D0F100EAE302 /* Frameworks */,
				BA6EBCEB25E6D0F100EAE302 /* Resources */,
			);
			buildRules = (
			);
			dependencies = (
			);
			name = HW2Weather;
			productName = HW2Weather;
			productReference = BA6EBCED25E6D0F100EAE302 /* HW2Weather.app */;
			productType = "com.apple.product-type.application";
		};
		BA6EBD0225E6D0F500EAE302 /* HW2WeatherTests */ = {
			isa = PBXNativeTarget;
			buildConfigurationList = BA6EBD1A25E6D0F500EAE302 /* Build configuration list for PBXNativeTarget "HW2WeatherTests" */;
			buildPhases = (
				BA6EBCFF25E6D0F500EAE302 /* Sources */,
				BA6EBD0025E6D0F500EAE302 /* Frameworks */,
				BA6EBD0125E6D0F500EAE302 /* Resources */,
			);
			buildRules = (
			);
			dependencies = (
				BA6EBD0525E6D0F500EAE302 /* PBXTargetDependency */,
			);
			name = HW2WeatherTests;
			productName = HW2WeatherTests;
			productReference = BA6EBD0325E6D0F500EAE302 /* HW2WeatherTests.xctest */;
			productType = "com.apple.product-type.bundle.unit-test";
		};
		BA6EBD0D25E6D0F500EAE302 /* HW2WeatherUITests */ = {
			isa = PBXNativeTarget;
			buildConfigurationList = BA6EBD1D25E6D0F500EAE302 /* Build configuration list for PBXNativeTarget "HW2WeatherUITests" */;
			buildPhases = (
				BA6EBD0A25E6D0F500EAE302 /* Sources */,
				BA6EBD0B25E6D0F500EAE302 /* Frameworks */,
				BA6EBD0C25E6D0F500EAE302 /* Resources */,
			);
			buildRules = (
			);
			dependencies = (
				BA6EBD1025E6D0F500EAE302 /* PBXTargetDependency */,
			);
			name = HW2WeatherUITests;
			productName = HW2WeatherUITests;
			productReference = BA6EBD0E25E6D0F500EAE302 /* HW2WeatherUITests.xctest */;
			productType = "com.apple.product-type.bundle.ui-testing";
		};
/* End PBXNativeTarget section */

/* Begin PBXProject section */
		BA6EBCE525E6D0F100EAE302 /* Project object */ = {
			isa = PBXProject;
			attributes = {
				LastSwiftUpdateCheck = 1240;
				LastUpgradeCheck = 1240;
				TargetAttributes = {
					BA6EBCEC25E6D0F100EAE302 = {
						CreatedOnToolsVersion = 12.4;
					};
					BA6EBD0225E6D0F500EAE302 = {
						CreatedOnToolsVersion = 12.4;
						TestTargetID = BA6EBCEC25E6D0F100EAE302;
					};
					BA6EBD0D25E6D0F500EAE302 = {
						CreatedOnToolsVersion = 12.4;
						TestTargetID = BA6EBCEC25E6D0F100EAE302;
					};
				};
			};
			buildConfigurationList = BA6EBCE825E6D0F100EAE302 /* Build configuration list for PBXProject "HW2Weather" */;
			compatibilityVersion = "Xcode 9.3";
			developmentRegion = en;
			hasScannedForEncodings = 0;
			knownRegions = (
				en,
				Base,
			);
			mainGroup = BA6EBCE425E6D0F100EAE302;
			productRefGroup = BA6EBCEE25E6D0F100EAE302 /* Products */;
			projectDirPath = "";
			projectRoot = "";
			targets = (
				BA6EBCEC25E6D0F100EAE302 /* HW2Weather */,
				BA6EBD0225E6D0F500EAE302 /* HW2WeatherTests */,
				BA6EBD0D25E6D0F500EAE302 /* HW2WeatherUITests */,
			);
		};
/* End PBXProject section */

/* Begin PBXResourcesBuildPhase section */
		BA6EBCEB25E6D0F100EAE302 /* Resources */ = {
			isa = PBXResourcesBuildPhase;
			buildActionMask = 2147483647;
			files = (
				BA6EBCFD25E6D0F500EAE302 /* LaunchScreen.storyboard in Resources */,
				BA6EBCFA25E6D0F500EAE302 /* Assets.xcassets in Resources */,
				BA6EBCF825E6D0F100EAE302 /* Main.storyboard in Resources */,
			);
			runOnlyForDeploymentPostprocessing = 0;
		};
		BA6EBD0125E6D0F500EAE302 /* Resources */ = {
			isa = PBXResourcesBuildPhase;
			buildActionMask = 2147483647;
			files = (
			);
			runOnlyForDeploymentPostprocessing = 0;
		};
		BA6EBD0C25E6D0F500EAE302 /* Resources */ = {
			isa = PBXResourcesBuildPhase;
			buildActionMask = 2147483647;
			files = (
			);
			runOnlyForDeploymentPostprocessing = 0;
		};
/* End PBXResourcesBuildPhase section */

/* Begin PBXSourcesBuildPhase section */
		BA6EBCE925E6D0F100EAE302 /* Sources */ = {
			isa = PBXSourcesBuildPhase;
			buildActionMask = 2147483647;
			files = (
				BA6EBD2925E6D17500EAE302 /* WeatherTableViewCell.swift in Sources */,
				BA6EBD2425E6D15B00EAE302 /* WeatherTableViewController.swift in Sources */,
				BA6EBCF525E6D0F100EAE302 /* ViewController.swift in Sources */,
				BA6EBCF125E6D0F100EAE302 /* AppDelegate.swift in Sources */,
				BA6EBCF325E6D0F100EAE302 /* SceneDelegate.swift in Sources */,
				BA6EBD2E25E6D19E00EAE302 /* detailViewController.swift in Sources */,
			);
			runOnlyForDeploymentPostprocessing = 0;
		};
		BA6EBCFF25E6D0F500EAE302 /* Sources */ = {
			isa = PBXSourcesBuildPhase;
			buildActionMask = 2147483647;
			files = (
				BA6EBD0825E6D0F500EAE302 /* HW2WeatherTests.swift in Sources */,
			);
			runOnlyForDeploymentPostprocessing = 0;
		};
		BA6EBD0A25E6D0F500EAE302 /* Sources */ = {
			isa = PBXSourcesBuildPhase;
			buildActionMask = 2147483647;
			files = (
				BA6EBD1325E6D0F500EAE302 /* HW2WeatherUITests.swift in Sources */,
			);
			runOnlyForDeploymentPostprocessing = 0;
		};
/* End PBXSourcesBuildPhase section */

/* Begin PBXTargetDependency section */
		BA6EBD0525E6D0F500EAE302 /* PBXTargetDependency */ = {
			isa = PBXTargetDependency;
			target = BA6EBCEC25E6D0F100EAE302 /* HW2Weather */;
			targetProxy = BA6EBD0425E6D0F500EAE302 /* PBXContainerItemProxy */;
		};
		BA6EBD1025E6D0F500EAE302 /* PBXTargetDependency */ = {
			isa = PBXTargetDependency;
			target = BA6EBCEC25E6D0F100EAE302 /* HW2Weather */;
			targetProxy = BA6EBD0F25E6D0F500EAE302 /* PBXContainerItemProxy */;
		};
/* End PBXTargetDependency section */

/* Begin PBXVariantGroup section */
		BA6EBCF625E6D0F100EAE302 /* Main.storyboard */ = {
			isa = PBXVariantGroup;
			children = (
				BA6EBCF725E6D0F100EAE302 /* Base */,
			);
			name = Main.storyboard;
			sourceTree = "<group>";
		};
		BA6EBCFB25E6D0F500EAE302 /* LaunchScreen.storyboard */ = {
			isa = PBXVariantGroup;
			children = (
				BA6EBCFC25E6D0F500EAE302 /* Base */,
			);
			name = LaunchScreen.storyboard;
			sourceTree = "<group>";
		};
/* End PBXVariantGroup section */

/* Begin XCBuildConfiguration section */
		BA6EBD1525E6D0F500EAE302 /* Debug */ = {
			isa = XCBuildConfiguration;
			buildSettings = {
				ALWAYS_SEARCH_USER_PATHS = NO;
				CLANG_ANALYZER_NONNULL = YES;
				CLANG_ANALYZER_NUMBER_OBJECT_CONVERSION = YES_AGGRESSIVE;
				CLANG_CXX_LANGUAGE_STANDARD = "gnu++14";
				CLANG_CXX_LIBRARY = "libc++";
				CLANG_ENABLE_MODULES = YES;
				CLANG_ENABLE_OBJC_ARC = YES;
				CLANG_ENABLE_OBJC_WEAK = YES;
				CLANG_WARN_BLOCK_CAPTURE_AUTORELEASING = YES;
				CLANG_WARN_BOOL_CONVERSION = YES;
				CLANG_WARN_COMMA = YES;
				CLANG_WARN_CONSTANT_CONVERSION = YES;
				CLANG_WARN_DEPRECATED_OBJC_IMPLEMENTATIONS = YES;
				CLANG_WARN_DIRECT_OBJC_ISA_USAGE = YES_ERROR;
				CLANG_WARN_DOCUMENTATION_COMMENTS = YES;
				CLANG_WARN_EMPTY_BODY = YES;
				CLANG_WARN_ENUM_CONVERSION = YES;
				CLANG_WARN_INFINITE_RECURSION = YES;
				CLANG_WARN_INT_CONVERSION = YES;
				CLANG_WARN_NON_LITERAL_NULL_CONVERSION = YES;
				CLANG_WARN_OBJC_IMPLICIT_RETAIN_SELF = YES;
				CLANG_WARN_OBJC_LITERAL_CONVERSION = YES;
				CLANG_WARN_OBJC_ROOT_CLASS = YES_ERROR;
				CLANG_WARN_QUOTED_INCLUDE_IN_FRAMEWORK_HEADER = YES;
				CLANG_WARN_RANGE_LOOP_ANALYSIS = YES;
				CLANG_WARN_STRICT_PROTOTYPES = YES;
				CLANG_WARN_SUSPICIOUS_MOVE = YES;
				CLANG_WARN_UNGUARDED_AVAILABILITY = YES_AGGRESSIVE;
				CLANG_WARN_UNREACHABLE_CODE = YES;
				CLANG_WARN__DUPLICATE_METHOD_MATCH = YES;
				COPY_PHASE_STRIP = NO;
				DEBUG_INFORMATION_FORMAT = dwarf;
				ENABLE_STRICT_OBJC_MSGSEND = YES;
				ENABLE_TESTABILITY = YES;
				GCC_C_LANGUAGE_STANDARD = gnu11;
				GCC_DYNAMIC_NO_PIC = NO;
				GCC_NO_COMMON_BLOCKS = YES;
				GCC_OPTIMIZATION_LEVEL = 0;
				GCC_PREPROCESSOR_DEFINITIONS = (
					"DEBUG=1",
					"$(inherited)",
				);
				GCC_WARN_64_TO_32_BIT_CONVERSION = YES;
				GCC_WARN_ABOUT_RETURN_TYPE = YES_ERROR;
				GCC_WARN_UNDECLARED_SELECTOR = YES;
				GCC_WARN_UNINITIALIZED_AUTOS = YES_AGGRESSIVE;
				GCC_WARN_UNUSED_FUNCTION = YES;
				GCC_WARN_UNUSED_VARIABLE = YES;
				IPHONEOS_DEPLOYMENT_TARGET = 14.4;
				MTL_ENABLE_DEBUG_INFO = INCLUDE_SOURCE;
				MTL_FAST_MATH = YES;
				ONLY_ACTIVE_ARCH = YES;
				SDKROOT = iphoneos;
				SWIFT_ACTIVE_COMPILATION_CONDITIONS = DEBUG;
				SWIFT_OPTIMIZATION_LEVEL = "-Onone";
			};
			name = Debug;
		};
		BA6EBD1625E6D0F500EAE302 /* Release */ = {
			isa = XCBuildConfiguration;
			buildSettings = {
				ALWAYS_SEARCH_USER_PATHS = NO;
				CLANG_ANALYZER_NONNULL = YES;
				CLANG_ANALYZER_NUMBER_OBJECT_CONVERSION = YES_AGGRESSIVE;
				CLANG_CXX_LANGUAGE_STANDARD = "gnu++14";
				CLANG_CXX_LIBRARY = "libc++";
				CLANG_ENABLE_MODULES = YES;
				CLANG_ENABLE_OBJC_ARC = YES;
				CLANG_ENABLE_OBJC_WEAK = YES;
				CLANG_WARN_BLOCK_CAPTURE_AUTORELEASING = YES;
				CLANG_WARN_BOOL_CONVERSION = YES;
				CLANG_WARN_COMMA = YES;
				CLANG_WARN_CONSTANT_CONVERSION = YES;
				CLANG_WARN_DEPRECATED_OBJC_IMPLEMENTATIONS = YES;
				CLANG_WARN_DIRECT_OBJC_ISA_USAGE = YES_ERROR;
				CLANG_WARN_DOCUMENTATION_COMMENTS = YES;
				CLANG_WARN_EMPTY_BODY = YES;
				CLANG_WARN_ENUM_CONVERSION = YES;
				CLANG_WARN_INFINITE_RECURSION = YES;
				CLANG_WARN_INT_CONVERSION = YES;
				CLANG_WARN_NON_LITERAL_NULL_CONVERSION = YES;
				CLANG_WARN_OBJC_IMPLICIT_RETAIN_SELF = YES;
				CLANG_WARN_OBJC_LITERAL_CONVERSION = YES;
				CLANG_WARN_OBJC_ROOT_CLASS = YES_ERROR;
				CLANG_WARN_QUOTED_INCLUDE_IN_FRAMEWORK_HEADER = YES;
				CLANG_WARN_RANGE_LOOP_ANALYSIS = YES;
				CLANG_WARN_STRICT_PROTOTYPES = YES;
				CLANG_WARN_SUSPICIOUS_MOVE = YES;
				CLANG_WARN_UNGUARDED_AVAILABILITY = YES_AGGRESSIVE;
				CLANG_WARN_UNREACHABLE_CODE = YES;
				CLANG_WARN__DUPLICATE_METHOD_MATCH = YES;
				COPY_PHASE_STRIP = NO;
				DEBUG_INFORMATION_FORMAT = "dwarf-with-dsym";
				ENABLE_NS_ASSERTIONS = NO;
				ENABLE_STRICT_OBJC_MSGSEND = YES;
				GCC_C_LANGUAGE_STANDARD = gnu11;
				GCC_NO_COMMON_BLOCKS = YES;
				GCC_WARN_64_TO_32_BIT_CONVERSION = YES;
				GCC_WARN_ABOUT_RETURN_TYPE = YES_ERROR;
				GCC_WARN_UNDECLARED_SELECTOR = YES;
				GCC_WARN_UNINITIALIZED_AUTOS = YES_AGGRESSIVE;
				GCC_WARN_UNUSED_FUNCTION = YES;
				GCC_WARN_UNUSED_VARIABLE = YES;
				IPHONEOS_DEPLOYMENT_TARGET = 14.4;
				MTL_ENABLE_DEBUG_INFO = NO;
				MTL_FAST_MATH = YES;
				SDKROOT = iphoneos;
				SWIFT_COMPILATION_MODE = wholemodule;
				SWIFT_OPTIMIZATION_LEVEL = "-O";
				VALIDATE_PRODUCT = YES;
			};
			name = Release;
		};
		BA6EBD1825E6D0F500EAE302 /* Debug */ = {
			isa = XCBuildConfiguration;
			buildSettings = {
				ASSETCATALOG_COMPILER_APPICON_NAME = AppIcon;
				ASSETCATALOG_COMPILER_GLOBAL_ACCENT_COLOR_NAME = AccentColor;
				CODE_SIGN_STYLE = Automatic;
				DEVELOPMENT_TEAM = QSH9YCKR48;
				INFOPLIST_FILE = HW2Weather/Info.plist;
				LD_RUNPATH_SEARCH_PATHS = (
					"$(inherited)",
					"@executable_path/Frameworks",
				);
				PRODUCT_BUNDLE_IDENTIFIER = com.jakerosen.HW2Weather;
				PRODUCT_NAME = "$(TARGET_NAME)";
				SWIFT_VERSION = 5.0;
				TARGETED_DEVICE_FAMILY = "1,2";
			};
			name = Debug;
		};
		BA6EBD1925E6D0F500EAE302 /* Release */ = {
			isa = XCBuildConfiguration;
			buildSettings = {
				ASSETCATALOG_COMPILER_APPICON_NAME = AppIcon;
				ASSETCATALOG_COMPILER_GLOBAL_ACCENT_COLOR_NAME = AccentColor;
				CODE_SIGN_STYLE = Automatic;
				DEVELOPMENT_TEAM = QSH9YCKR48;
				INFOPLIST_FILE = HW2Weather/Info.plist;
				LD_RUNPATH_SEARCH_PATHS = (
					"$(inherited)",
					"@executable_path/Frameworks",
				);
				PRODUCT_BUNDLE_IDENTIFIER = com.jakerosen.HW2Weather;
				PRODUCT_NAME = "$(TARGET_NAME)";
				SWIFT_VERSION = 5.0;
				TARGETED_DEVICE_FAMILY = "1,2";
			};
			name = Release;
		};
		BA6EBD1B25E6D0F500EAE302 /* Debug */ = {
			isa = XCBuildConfiguration;
			buildSettings = {
				ALWAYS_EMBED_SWIFT_STANDARD_LIBRARIES = YES;
				BUNDLE_LOADER = "$(TEST_HOST)";
				CODE_SIGN_STYLE = Automatic;
				DEVELOPMENT_TEAM = QSH9YCKR48;
				INFOPLIST_FILE = HW2WeatherTests/Info.plist;
				IPHONEOS_DEPLOYMENT_TARGET = 14.4;
				LD_RUNPATH_SEARCH_PATHS = (
					"$(inherited)",
					"@executable_path/Frameworks",
					"@loader_path/Frameworks",
				);
				PRODUCT_BUNDLE_IDENTIFIER = com.jakerosen.HW2WeatherTests;
				PRODUCT_NAME = "$(TARGET_NAME)";
				SWIFT_VERSION = 5.0;
				TARGETED_DEVICE_FAMILY = "1,2";
				TEST_HOST = "$(BUILT_PRODUCTS_DIR)/HW2Weather.app/HW2Weather";
			};
			name = Debug;
		};
		BA6EBD1C25E6D0F500EAE302 /* Release */ = {
			isa = XCBuildConfiguration;
			buildSettings = {
				ALWAYS_EMBED_SWIFT_STANDARD_LIBRARIES = YES;
				BUNDLE_LOADER = "$(TEST_HOST)";
				CODE_SIGN_STYLE = Automatic;
				DEVELOPMENT_TEAM = QSH9YCKR48;
				INFOPLIST_FILE = HW2WeatherTests/Info.plist;
				IPHONEOS_DEPLOYMENT_TARGET = 14.4;
				LD_RUNPATH_SEARCH_PATHS = (
					"$(inherited)",
					"@executable_path/Frameworks",
					"@loader_path/Frameworks",
				);
				PRODUCT_BUNDLE_IDENTIFIER = com.jakerosen.HW2WeatherTests;
				PRODUCT_NAME = "$(TARGET_NAME)";
				SWIFT_VERSION = 5.0;
				TARGETED_DEVICE_FAMILY = "1,2";
				TEST_HOST = "$(BUILT_PRODUCTS_DIR)/HW2Weather.app/HW2Weather";
			};
			name = Release;
		};
		BA6EBD1E25E6D0F500EAE302 /* Debug */ = {
			isa = XCBuildConfiguration;
			buildSettings = {
				ALWAYS_EMBED_SWIFT_STANDARD_LIBRARIES = YES;
				CODE_SIGN_STYLE = Automatic;
				DEVELOPMENT_TEAM = QSH9YCKR48;
				INFOPLIST_FILE = HW2WeatherUITests/Info.plist;
				LD_RUNPATH_SEARCH_PATHS = (
					"$(inherited)",
					"@executable_path/Frameworks",
					"@loader_path/Frameworks",
				);
				PRODUCT_BUNDLE_IDENTIFIER = com.jakerosen.HW2WeatherUITests;
				PRODUCT_NAME = "$(TARGET_NAME)";
				SWIFT_VERSION = 5.0;
				TARGETED_DEVICE_FAMILY = "1,2";
				TEST_TARGET_NAME = HW2Weather;
			};
			name = Debug;
		};
		BA6EBD1F25E6D0F500EAE302 /* Release */ = {
			isa = XCBuildConfiguration;
			buildSettings = {
				ALWAYS_EMBED_SWIFT_STANDARD_LIBRARIES = YES;
				CODE_SIGN_STYLE = Automatic;
				DEVELOPMENT_TEAM = QSH9YCKR48;
				INFOPLIST_FILE = HW2WeatherUITests/Info.plist;
				LD_RUNPATH_SEARCH_PATHS = (
					"$(inherited)",
					"@executable_path/Frameworks",
					"@loader_path/Frameworks",
				);
				PRODUCT_BUNDLE_IDENTIFIER = com.jakerosen.HW2WeatherUITests;
				PRODUCT_NAME = "$(TARGET_NAME)";
				SWIFT_VERSION = 5.0;
				TARGETED_DEVICE_FAMILY = "1,2";
				TEST_TARGET_NAME = HW2Weather;
			};
			name = Release;
		};
/* End XCBuildConfiguration section */

/* Begin XCConfigurationList section */
		BA6EBCE825E6D0F100EAE302 /* Build configuration list for PBXProject "HW2Weather" */ = {
			isa = XCConfigurationList;
			buildConfigurations = (
				BA6EBD1525E6D0F500EAE302 /* Debug */,
				BA6EBD1625E6D0F500EAE302 /* Release */,
			);
			defaultConfigurationIsVisible = 0;
			defaultConfigurationName = Release;
		};
		BA6EBD1725E6D0F500EAE302 /* Build configuration list for PBXNativeTarget "HW2Weather" */ = {
			isa = XCConfigurationList;
			buildConfigurations = (
				BA6EBD1825E6D0F500EAE302 /* Debug */,
				BA6EBD1925E6D0F500EAE302 /* Release */,
			);
			defaultConfigurationIsVisible = 0;
			defaultConfigurationName = Release;
		};
		BA6EBD1A25E6D0F500EAE302 /* Build configuration list for PBXNativeTarget "HW2WeatherTests" */ = {
			isa = XCConfigurationList;
			buildConfigurations = (
				BA6EBD1B25E6D0F500EAE302 /* Debug */,
				BA6EBD1C25E6D0F500EAE302 /* Release */,
			);
			defaultConfigurationIsVisible = 0;
			defaultConfigurationName = Release;
		};
		BA6EBD1D25E6D0F500EAE302 /* Build configuration list for PBXNativeTarget "HW2WeatherUITests" */ = {
			isa = XCConfigurationList;
			buildConfigurations = (
				BA6EBD1E25E6D0F500EAE302 /* Debug */,
				BA6EBD1F25E6D0F500EAE302 /* Release */,
			);
			defaultConfigurationIsVisible = 0;
			defaultConfigurationName = Release;
		};
/* End XCConfigurationList section */
	};
	rootObject = BA6EBCE525E6D0F100EAE302 /* Project object */;
}
